// !$*UTF8*$!
{
	archiveVersion = 1;
	classes = {
	};
	objectVersion = 46;
	objects = {

/* Begin PBXBuildFile section */
		5663E99D1DB60DA7001F44CF /* DetailForOneViewController.swift in Sources */ = {isa = PBXBuildFile; fileRef = 5663E99B1DB60DA7001F44CF /* DetailForOneViewController.swift */; };
		5663E99E1DB60DA7001F44CF /* DetailForOneViewController.xib in Resources */ = {isa = PBXBuildFile; fileRef = 5663E99C1DB60DA7001F44CF /* DetailForOneViewController.xib */; };
		56C539211DB4A95600CB52F7 /* AppDelegate.swift in Sources */ = {isa = PBXBuildFile; fileRef = 56C539201DB4A95600CB52F7 /* AppDelegate.swift */; };
		56C539281DB4A95600CB52F7 /* Assets.xcassets in Resources */ = {isa = PBXBuildFile; fileRef = 56C539271DB4A95600CB52F7 /* Assets.xcassets */; };
		56C5392B1DB4A95600CB52F7 /* LaunchScreen.storyboard in Resources */ = {isa = PBXBuildFile; fileRef = 56C539291DB4A95600CB52F7 /* LaunchScreen.storyboard */; };
		56C539361DB4A95600CB52F7 /* tabbarTestTests.swift in Sources */ = {isa = PBXBuildFile; fileRef = 56C539351DB4A95600CB52F7 /* tabbarTestTests.swift */; };
		56C539411DB4A95600CB52F7 /* tabbarTestUITests.swift in Sources */ = {isa = PBXBuildFile; fileRef = 56C539401DB4A95600CB52F7 /* tabbarTestUITests.swift */; };
		56C5395D1DB4A9E100CB52F7 /* oneViewController.swift in Sources */ = {isa = PBXBuildFile; fileRef = 56C5395B1DB4A9E100CB52F7 /* oneViewController.swift */; };
		56C5395E1DB4A9E100CB52F7 /* oneViewController.xib in Resources */ = {isa = PBXBuildFile; fileRef = 56C5395C1DB4A9E100CB52F7 /* oneViewController.xib */; };
		56C539611DB4A9ED00CB52F7 /* twoViewController.swift in Sources */ = {isa = PBXBuildFile; fileRef = 56C5395F1DB4A9ED00CB52F7 /* twoViewController.swift */; };
		56C539621DB4A9ED00CB52F7 /* twoViewController.xib in Resources */ = {isa = PBXBuildFile; fileRef = 56C539601DB4A9ED00CB52F7 /* twoViewController.xib */; };
		56C539651DB4A9F900CB52F7 /* threeViewController.swift in Sources */ = {isa = PBXBuildFile; fileRef = 56C539631DB4A9F900CB52F7 /* threeViewController.swift */; };
		56C539661DB4A9F900CB52F7 /* threeViewController.xib in Resources */ = {isa = PBXBuildFile; fileRef = 56C539641DB4A9F900CB52F7 /* threeViewController.xib */; };
		56C539681DB4AA4800CB52F7 /* MainViewController.swift in Sources */ = {isa = PBXBuildFile; fileRef = 56C539671DB4AA4800CB52F7 /* MainViewController.swift */; };
		56C5396A1DB4BB5C00CB52F7 /* FatherViewController.swift in Sources */ = {isa = PBXBuildFile; fileRef = 56C539691DB4BB5C00CB52F7 /* FatherViewController.swift */; };
/* End PBXBuildFile section */

/* Begin PBXContainerItemProxy section */
		56C539321DB4A95600CB52F7 /* PBXContainerItemProxy */ = {
			isa = PBXContainerItemProxy;
			containerPortal = 56C539151DB4A95600CB52F7 /* Project object */;
			proxyType = 1;
			remoteGlobalIDString = 56C5391C1DB4A95600CB52F7;
			remoteInfo = tabbarTest;
		};
		56C5393D1DB4A95600CB52F7 /* PBXContainerItemProxy */ = {
			isa = PBXContainerItemProxy;
			containerPortal = 56C539151DB4A95600CB52F7 /* Project object */;
			proxyType = 1;
			remoteGlobalIDString = 56C5391C1DB4A95600CB52F7;
			remoteInfo = tabbarTest;
		};
/* End PBXContainerItemProxy section */

/* Begin PBXFileReference section */
		5663E99B1DB60DA7001F44CF /* DetailForOneViewController.swift */ = {isa = PBXFileReference; fileEncoding = 4; lastKnownFileType = sourcecode.swift; path = DetailForOneViewController.swift; sourceTree = "<group>"; };
		5663E99C1DB60DA7001F44CF /* DetailForOneViewController.xib */ = {isa = PBXFileReference; fileEncoding = 4; lastKnownFileType = file.xib; path = DetailForOneViewController.xib; sourceTree = "<group>"; };
		56C5391D1DB4A95600CB52F7 /* tabbarTest.app */ = {isa = PBXFileReference; explicitFileType = wrapper.application; includeInIndex = 0; path = tabbarTest.app; sourceTree = BUILT_PRODUCTS_DIR; };
		56C539201DB4A95600CB52F7 /* AppDelegate.swift */ = {isa = PBXFileReference; lastKnownFileType = sourcecode.swift; path = AppDelegate.swift; sourceTree = "<group>"; };
		56C539271DB4A95600CB52F7 /* Assets.xcassets */ = {isa = PBXFileReference; lastKnownFileType = folder.assetcatalog; path = Assets.xcassets; sourceTree = "<group>"; };
		56C5392A1DB4A95600CB52F7 /* Base */ = {isa = PBXFileReference; lastKnownFileType = file.storyboard; name = Base; path = Base.lproj/LaunchScreen.storyboard; sourceTree = "<group>"; };
		56C5392C1DB4A95600CB52F7 /* Info.plist */ = {isa = PBXFileReference; lastKnownFileType = text.plist.xml; path = Info.plist; sourceTree = "<group>"; };
		56C539311DB4A95600CB52F7 /* tabbarTestTests.xctest */ = {isa = PBXFileReference; explicitFileType = wrapper.cfbundle; includeInIndex = 0; path = tabbarTestTests.xctest; sourceTree = BUILT_PRODUCTS_DIR; };
		56C539351DB4A95600CB52F7 /* tabbarTestTests.swift */ = {isa = PBXFileReference; lastKnownFileType = sourcecode.swift; path = tabbarTestTests.swift; sourceTree = "<group>"; };
		56C539371DB4A95600CB52F7 /* Info.plist */ = {isa = PBXFileReference; lastKnownFileType = text.plist.xml; path = Info.plist; sourceTree = "<group>"; };
		56C5393C1DB4A95600CB52F7 /* tabbarTestUITests.xctest */ = {isa = PBXFileReference; explicitFileType = wrapper.cfbundle; includeInIndex = 0; path = tabbarTestUITests.xctest; sourceTree = BUILT_PRODUCTS_DIR; };
		56C539401DB4A95600CB52F7 /* tabbarTestUITests.swift */ = {isa = PBXFileReference; lastKnownFileType = sourcecode.swift; path = tabbarTestUITests.swift; sourceTree = "<group>"; };
		56C539421DB4A95600CB52F7 /* Info.plist */ = {isa = PBXFileReference; lastKnownFileType = text.plist.xml; path = Info.plist; sourceTree = "<group>"; };
		56C5395B1DB4A9E100CB52F7 /* oneViewController.swift */ = {isa = PBXFileReference; fileEncoding = 4; lastKnownFileType = sourcecode.swift; path = oneViewController.swift; sourceTree = "<group>"; };
		56C5395C1DB4A9E100CB52F7 /* oneViewController.xib */ = {isa = PBXFileReference; fileEncoding = 4; lastKnownFileType = file.xib; path = oneViewController.xib; sourceTree = "<group>"; };
		56C5395F1DB4A9ED00CB52F7 /* twoViewController.swift */ = {isa = PBXFileReference; fileEncoding = 4; lastKnownFileType = sourcecode.swift; path = twoViewController.swift; sourceTree = "<group>"; };
		56C539601DB4A9ED00CB52F7 /* twoViewController.xib */ = {isa = PBXFileReference; fileEncoding = 4; lastKnownFileType = file.xib; path = twoViewController.xib; sourceTree = "<group>"; };
		56C539631DB4A9F900CB52F7 /* threeViewController.swift */ = {isa = PBXFileReference; fileEncoding = 4; lastKnownFileType = sourcecode.swift; path = threeViewController.swift; sourceTree = "<group>"; };
		56C539641DB4A9F900CB52F7 /* threeViewController.xib */ = {isa = PBXFileReference; fileEncoding = 4; lastKnownFileType = file.xib; path = threeViewController.xib; sourceTree = "<group>"; };
		56C539671DB4AA4800CB52F7 /* MainViewController.swift */ = {isa = PBXFileReference; fileEncoding = 4; lastKnownFileType = sourcecode.swift; path = MainViewController.swift; sourceTree = "<group>"; };
		56C539691DB4BB5C00CB52F7 /* FatherViewController.swift */ = {isa = PBXFileReference; fileEncoding = 4; lastKnownFileType = sourcecode.swift; path = FatherViewController.swift; sourceTree = "<group>"; };
/* End PBXFileReference section */

/* Begin PBXFrameworksBuildPhase section */
		56C5391A1DB4A95600CB52F7 /* Frameworks */ = {
			isa = PBXFrameworksBuildPhase;
			buildActionMask = 2147483647;
			files = (
			);
			runOnlyForDeploymentPostprocessing = 0;
		};
		56C5392E1DB4A95600CB52F7 /* Frameworks */ = {
			isa = PBXFrameworksBuildPhase;
			buildActionMask = 2147483647;
			files = (
			);
			runOnlyForDeploymentPostprocessing = 0;
		};
		56C539391DB4A95600CB52F7 /* Frameworks */ = {
			isa = PBXFrameworksBuildPhase;
			buildActionMask = 2147483647;
			files = (
			);
			runOnlyForDeploymentPostprocessing = 0;
		};
/* End PBXFrameworksBuildPhase section */

/* Begin PBXGroup section */
		5663E99A1DB60D6C001F44CF /* detailForOne */ = {
			isa = PBXGroup;
			children = (
				5663E99B1DB60DA7001F44CF /* DetailForOneViewController.swift */,
				5663E99C1DB60DA7001F44CF /* DetailForOneViewController.xib */,
			);
			name = detailForOne;
			sourceTree = "<group>";
		};
		56C539141DB4A95600CB52F7 = {
			isa = PBXGroup;
			children = (
				56C5391F1DB4A95600CB52F7 /* tabbarTest */,
				56C539341DB4A95600CB52F7 /* tabbarTestTests */,
				56C5393F1DB4A95600CB52F7 /* tabbarTestUITests */,
				56C5391E1DB4A95600CB52F7 /* Products */,
			);
			sourceTree = "<group>";
		};
		56C5391E1DB4A95600CB52F7 /* Products */ = {
			isa = PBXGroup;
			children = (
				56C5391D1DB4A95600CB52F7 /* tabbarTest.app */,
				56C539311DB4A95600CB52F7 /* tabbarTestTests.xctest */,
				56C5393C1DB4A95600CB52F7 /* tabbarTestUITests.xctest */,
			);
			name = Products;
			sourceTree = "<group>";
		};
		56C5391F1DB4A95600CB52F7 /* tabbarTest */ = {
			isa = PBXGroup;
			children = (
				56C5394E1DB4A98000CB52F7 /* viewcontroller */,
				56C539201DB4A95600CB52F7 /* AppDelegate.swift */,
				56C539671DB4AA4800CB52F7 /* MainViewController.swift */,
				56C539691DB4BB5C00CB52F7 /* FatherViewController.swift */,
				56C539271DB4A95600CB52F7 /* Assets.xcassets */,
				56C539291DB4A95600CB52F7 /* LaunchScreen.storyboard */,
				56C5392C1DB4A95600CB52F7 /* Info.plist */,
			);
			path = tabbarTest;
			sourceTree = "<group>";
		};
		56C539341DB4A95600CB52F7 /* tabbarTestTests */ = {
			isa = PBXGroup;
			children = (
				56C539351DB4A95600CB52F7 /* tabbarTestTests.swift */,
				56C539371DB4A95600CB52F7 /* Info.plist */,
			);
			path = tabbarTestTests;
			sourceTree = "<group>";
		};
		56C5393F1DB4A95600CB52F7 /* tabbarTestUITests */ = {
			isa = PBXGroup;
			children = (
				56C539401DB4A95600CB52F7 /* tabbarTestUITests.swift */,
				56C539421DB4A95600CB52F7 /* Info.plist */,
			);
			path = tabbarTestUITests;
			sourceTree = "<group>";
		};
		56C5394E1DB4A98000CB52F7 /* viewcontroller */ = {
			isa = PBXGroup;
			children = (
				5663E99A1DB60D6C001F44CF /* detailForOne */,
				56C5395B1DB4A9E100CB52F7 /* oneViewController.swift */,
				56C5395C1DB4A9E100CB52F7 /* oneViewController.xib */,
				56C5395F1DB4A9ED00CB52F7 /* twoViewController.swift */,
				56C539601DB4A9ED00CB52F7 /* twoViewController.xib */,
				56C539631DB4A9F900CB52F7 /* threeViewController.swift */,
				56C539641DB4A9F900CB52F7 /* threeViewController.xib */,
			);
			name = viewcontroller;
			sourceTree = "<group>";
		};
/* End PBXGroup section */

/* Begin PBXNativeTarget section */
		56C5391C1DB4A95600CB52F7 /* tabbarTest */ = {
			isa = PBXNativeTarget;
			buildConfigurationList = 56C539451DB4A95600CB52F7 /* Build configuration list for PBXNativeTarget "tabbarTest" */;
			buildPhases = (
				56C539191DB4A95600CB52F7 /* Sources */,
				56C5391A1DB4A95600CB52F7 /* Frameworks */,
				56C5391B1DB4A95600CB52F7 /* Resources */,
			);
			buildRules = (
			);
			dependencies = (
			);
			name = tabbarTest;
			productName = tabbarTest;
			productReference = 56C5391D1DB4A95600CB52F7 /* tabbarTest.app */;
			productType = "com.apple.product-type.application";
		};
		56C539301DB4A95600CB52F7 /* tabbarTestTests */ = {
			isa = PBXNativeTarget;
			buildConfigurationList = 56C539481DB4A95600CB52F7 /* Build configuration list for PBXNativeTarget "tabbarTestTests" */;
			buildPhases = (
				56C5392D1DB4A95600CB52F7 /* Sources */,
				56C5392E1DB4A95600CB52F7 /* Frameworks */,
				56C5392F1DB4A95600CB52F7 /* Resources */,
			);
			buildRules = (
			);
			dependencies = (
				56C539331DB4A95600CB52F7 /* PBXTargetDependency */,
			);
			name = tabbarTestTests;
			productName = tabbarTestTests;
			productReference = 56C539311DB4A95600CB52F7 /* tabbarTestTests.xctest */;
			productType = "com.apple.product-type.bundle.unit-test";
		};
		56C5393B1DB4A95600CB52F7 /* tabbarTestUITests */ = {
			isa = PBXNativeTarget;
			buildConfigurationList = 56C5394B1DB4A95600CB52F7 /* Build configuration list for PBXNativeTarget "tabbarTestUITests" */;
			buildPhases = (
				56C539381DB4A95600CB52F7 /* Sources */,
				56C539391DB4A95600CB52F7 /* Frameworks */,
				56C5393A1DB4A95600CB52F7 /* Resources */,
			);
			buildRules = (
			);
			dependencies = (
				56C5393E1DB4A95600CB52F7 /* PBXTargetDependency */,
			);
			name = tabbarTestUITests;
			productName = tabbarTestUITests;
			productReference = 56C5393C1DB4A95600CB52F7 /* tabbarTestUITests.xctest */;
			productType = "com.apple.product-type.bundle.ui-testing";
		};
/* End PBXNativeTarget section */

/* Begin PBXProject section */
		56C539151DB4A95600CB52F7 /* Project object */ = {
			isa = PBXProject;
			attributes = {
				LastSwiftUpdateCheck = 0800;
				LastUpgradeCheck = 0800;
				ORGANIZATIONNAME = "刘明鑫";
				TargetAttributes = {
					56C5391C1DB4A95600CB52F7 = {
						CreatedOnToolsVersion = 8.0;
						DevelopmentTeam = MUPQ82F322;
						ProvisioningStyle = Automatic;
					};
					56C539301DB4A95600CB52F7 = {
						CreatedOnToolsVersion = 8.0;
						DevelopmentTeam = MUPQ82F322;
						ProvisioningStyle = Automatic;
						TestTargetID = 56C5391C1DB4A95600CB52F7;
					};
					56C5393B1DB4A95600CB52F7 = {
						CreatedOnToolsVersion = 8.0;
						DevelopmentTeam = MUPQ82F322;
						ProvisioningStyle = Automatic;
						TestTargetID = 56C5391C1DB4A95600CB52F7;
					};
				};
			};
			buildConfigurationList = 56C539181DB4A95600CB52F7 /* Build configuration list for PBXProject "tabbarTest" */;
			compatibilityVersion = "Xcode 3.2";
			developmentRegion = English;
			hasScannedForEncodings = 0;
			knownRegions = (
				en,
				Base,
			);
			mainGroup = 56C539141DB4A95600CB52F7;
			productRefGroup = 56C5391E1DB4A95600CB52F7 /* Products */;
			projectDirPath = "";
			projectRoot = "";
			targets = (
				56C5391C1DB4A95600CB52F7 /* tabbarTest */,
				56C539301DB4A95600CB52F7 /* tabbarTestTests */,
				56C5393B1DB4A95600CB52F7 /* tabbarTestUITests */,
			);
		};
/* End PBXProject section */

/* Begin PBXResourcesBuildPhase section */
		56C5391B1DB4A95600CB52F7 /* Resources */ = {
			isa = PBXResourcesBuildPhase;
			buildActionMask = 2147483647;
			files = (
				56C539621DB4A9ED00CB52F7 /* twoViewController.xib in Resources */,
				56C5392B1DB4A95600CB52F7 /* LaunchScreen.storyboard in Resources */,
				56C539281DB4A95600CB52F7 /* Assets.xcassets in Resources */,
				56C539661DB4A9F900CB52F7 /* threeViewController.xib in Resources */,
				5663E99E1DB60DA7001F44CF /* DetailForOneViewController.xib in Resources */,
				56C5395E1DB4A9E100CB52F7 /* oneViewController.xib in Resources */,
			);
			runOnlyForDeploymentPostprocessing = 0;
		};
		56C5392F1DB4A95600CB52F7 /* Resources */ = {
			isa = PBXResourcesBuildPhase;
			buildActionMask = 2147483647;
			files = (
			);
			runOnlyForDeploymentPostprocessing = 0;
		};
		56C5393A1DB4A95600CB52F7 /* Resources */ = {
			isa = PBXResourcesBuildPhase;
			buildActionMask = 2147483647;
			files = (
			);
			runOnlyForDeploymentPostprocessing = 0;
		};
/* End PBXResourcesBuildPhase section */

/* Begin PBXSourcesBuildPhase section */
		56C539191DB4A95600CB52F7 /* Sources */ = {
			isa = PBXSourcesBuildPhase;
			buildActionMask = 2147483647;
			files = (
				56C539651DB4A9F900CB52F7 /* threeViewController.swift in Sources */,
				56C539211DB4A95600CB52F7 /* AppDelegate.swift in Sources */,
				56C5396A1DB4BB5C00CB52F7 /* FatherViewController.swift in Sources */,
				5663E99D1DB60DA7001F44CF /* DetailForOneViewController.swift in Sources */,
				56C5395D1DB4A9E100CB52F7 /* oneViewController.swift in Sources */,
				56C539611DB4A9ED00CB52F7 /* twoViewController.swift in Sources */,
				56C539681DB4AA4800CB52F7 /* MainViewController.swift in Sources */,
			);
			runOnlyForDeploymentPostprocessing = 0;
		};
		56C5392D1DB4A95600CB52F7 /* Sources */ = {
			isa = PBXSourcesBuildPhase;
			buildActionMask = 2147483647;
			files = (
				56C539361DB4A95600CB52F7 /* tabbarTestTests.swift in Sources */,
			);
			runOnlyForDeploymentPostprocessing = 0;
		};
		56C539381DB4A95600CB52F7 /* Sources */ = {
			isa = PBXSourcesBuildPhase;
			buildActionMask = 2147483647;
			files = (
				56C539411DB4A95600CB52F7 /* tabbarTestUITests.swift in Sources */,
			);
			runOnlyForDeploymentPostprocessing = 0;
		};
/* End PBXSourcesBuildPhase section */

/* Begin PBXTargetDependency section */
		56C539331DB4A95600CB52F7 /* PBXTargetDependency */ = {
			isa = PBXTargetDependency;
			target = 56C5391C1DB4A95600CB52F7 /* tabbarTest */;
			targetProxy = 56C539321DB4A95600CB52F7 /* PBXContainerItemProxy */;
		};
		56C5393E1DB4A95600CB52F7 /* PBXTargetDependency */ = {
			isa = PBXTargetDependency;
			target = 56C5391C1DB4A95600CB52F7 /* tabbarTest */;
			targetProxy = 56C5393D1DB4A95600CB52F7 /* PBXContainerItemProxy */;
		};
/* End PBXTargetDependency section */

/* Begin PBXVariantGroup section */
		56C539291DB4A95600CB52F7 /* LaunchScreen.storyboard */ = {
			isa = PBXVariantGroup;
			children = (
				56C5392A1DB4A95600CB52F7 /* Base */,
			);
			name = LaunchScreen.storyboard;
			sourceTree = "<group>";
		};
/* End PBXVariantGroup section */

/* Begin XCBuildConfiguration section */
		56C539431DB4A95600CB52F7 /* Debug */ = {
			isa = XCBuildConfiguration;
			buildSettings = {
				ALWAYS_SEARCH_USER_PATHS = NO;
				CLANG_ANALYZER_NONNULL = YES;
				CLANG_CXX_LANGUAGE_STANDARD = "gnu++0x";
				CLANG_CXX_LIBRARY = "libc++";
				CLANG_ENABLE_MODULES = YES;
				CLANG_ENABLE_OBJC_ARC = YES;
				CLANG_WARN_BOOL_CONVERSION = YES;
				CLANG_WARN_CONSTANT_CONVERSION = YES;
				CLANG_WARN_DIRECT_OBJC_ISA_USAGE = YES_ERROR;
				CLANG_WARN_DOCUMENTATION_COMMENTS = YES;
				CLANG_WARN_EMPTY_BODY = YES;
				CLANG_WARN_ENUM_CONVERSION = YES;
				CLANG_WARN_INFINITE_RECURSION = YES;
				CLANG_WARN_INT_CONVERSION = YES;
				CLANG_WARN_OBJC_ROOT_CLASS = YES_ERROR;
				CLANG_WARN_SUSPICIOUS_MOVES = YES;
				CLANG_WARN_UNREACHABLE_CODE = YES;
				CLANG_WARN__DUPLICATE_METHOD_MATCH = YES;
				"CODE_SIGN_IDENTITY[sdk=iphoneos*]" = "iPhone Developer";
				COPY_PHASE_STRIP = NO;
				DEBUG_INFORMATION_FORMAT = dwarf;
				ENABLE_STRICT_OBJC_MSGSEND = YES;
				ENABLE_TESTABILITY = YES;
				GCC_C_LANGUAGE_STANDARD = gnu99;
				GCC_DYNAMIC_NO_PIC = NO;
				GCC_NO_COMMON_BLOCKS = YES;
				GCC_OPTIMIZATION_LEVEL = 0;
				GCC_PREPROCESSOR_DEFINITIONS = (
					"DEBUG=1",
					"$(inherited)",
				);
				GCC_WARN_64_TO_32_BIT_CONVERSION = YES;
				GCC_WARN_ABOUT_RETURN_TYPE = YES_ERROR;
				GCC_WARN_UNDECLARED_SELECTOR = YES;
				GCC_WARN_UNINITIALIZED_AUTOS = YES_AGGRESSIVE;
				GCC_WARN_UNUSED_FUNCTION = YES;
				GCC_WARN_UNUSED_VARIABLE = YES;
				IPHONEOS_DEPLOYMENT_TARGET = 10.0;
				MTL_ENABLE_DEBUG_INFO = YES;
				ONLY_ACTIVE_ARCH = YES;
				SDKROOT = iphoneos;
				SWIFT_ACTIVE_COMPILATION_CONDITIONS = DEBUG;
				SWIFT_OPTIMIZATION_LEVEL = "-Onone";
				TARGETED_DEVICE_FAMILY = "1,2";
			};
			name = Debug;
		};
		56C539441DB4A95600CB52F7 /* Release */ = {
			isa = XCBuildConfiguration;
			buildSettings = {
				ALWAYS_SEARCH_USER_PATHS = NO;
				CLANG_ANALYZER_NONNULL = YES;
				CLANG_CXX_LANGUAGE_STANDARD = "gnu++0x";
				CLANG_CXX_LIBRARY = "libc++";
				CLANG_ENABLE_MODULES = YES;
				CLANG_ENABLE_OBJC_ARC = YES;
				CLANG_WARN_BOOL_CONVERSION = YES;
				CLANG_WARN_CONSTANT_CONVERSION = YES;
				CLANG_WARN_DIRECT_OBJC_ISA_USAGE = YES_ERROR;
				CLANG_WARN_DOCUMENTATION_COMMENTS = YES;
				CLANG_WARN_EMPTY_BODY = YES;
				CLANG_WARN_ENUM_CONVERSION = YES;
				CLANG_WARN_INFINITE_RECURSION = YES;
				CLANG_WARN_INT_CONVERSION = YES;
				CLANG_WARN_OBJC_ROOT_CLASS = YES_ERROR;
				CLANG_WARN_SUSPICIOUS_MOVES = YES;
				CLANG_WARN_UNREACHABLE_CODE = YES;
				CLANG_WARN__DUPLICATE_METHOD_MATCH = YES;
				"CODE_SIGN_IDENTITY[sdk=iphoneos*]" = "iPhone Developer";
				COPY_PHASE_STRIP = NO;
				DEBUG_INFORMATION_FORMAT = "dwarf-with-dsym";
				ENABLE_NS_ASSERTIONS = NO;
				ENABLE_STRICT_OBJC_MSGSEND = YES;
				GCC_C_LANGUAGE_STANDARD = gnu99;
				GCC_NO_COMMON_BLOCKS = YES;
				GCC_WARN_64_TO_32_BIT_CONVERSION = YES;
				GCC_WARN_ABOUT_RETURN_TYPE = YES_ERROR;
				GCC_WARN_UNDECLARED_SELECTOR = YES;
				GCC_WARN_UNINITIALIZED_AUTOS = YES_AGGRESSIVE;
				GCC_WARN_UNUSED_FUNCTION = YES;
				GCC_WARN_UNUSED_VARIABLE = YES;
				IPHONEOS_DEPLOYMENT_TARGET = 10.0;
				MTL_ENABLE_DEBUG_INFO = NO;
				SDKROOT = iphoneos;
				SWIFT_OPTIMIZATION_LEVEL = "-Owholemodule";
				TARGETED_DEVICE_FAMILY = "1,2";
				VALIDATE_PRODUCT = YES;
			};
			name = Release;
		};
		56C539461DB4A95600CB52F7 /* Debug */ = {
			isa = XCBuildConfiguration;
			buildSettings = {
				ASSETCATALOG_COMPILER_APPICON_NAME = AppIcon;
				DEVELOPMENT_TEAM = MUPQ82F322;
				INFOPLIST_FILE = tabbarTest/Info.plist;
				IPHONEOS_DEPLOYMENT_TARGET = 8.0;
				LD_RUNPATH_SEARCH_PATHS = "$(inherited) @executable_path/Frameworks";
				PRODUCT_BUNDLE_IDENTIFIER = com.liumingxin.tabbarTest;
				PRODUCT_NAME = "$(TARGET_NAME)";
				SWIFT_VERSION = 3.0;
			};
			name = Debug;
		};
		56C539471DB4A95600CB52F7 /* Release */ = {
			isa = XCBuildConfiguration;
			buildSettings = {
				ASSETCATALOG_COMPILER_APPICON_NAME = AppIcon;
				DEVELOPMENT_TEAM = MUPQ82F322;
				INFOPLIST_FILE = tabbarTest/Info.plist;
				IPHONEOS_DEPLOYMENT_TARGET = 8.0;
				LD_RUNPATH_SEARCH_PATHS = "$(inherited) @executable_path/Frameworks";
				PRODUCT_BUNDLE_IDENTIFIER = com.liumingxin.tabbarTest;
				PRODUCT_NAME = "$(TARGET_NAME)";
				SWIFT_VERSION = 3.0;
			};
			name = Release;
		};
		56C539491DB4A95600CB52F7 /* Debug */ = {
			isa = XCBuildConfiguration;
			buildSettings = {
				ALWAYS_EMBED_SWIFT_STANDARD_LIBRARIES = YES;
				BUNDLE_LOADER = "$(TEST_HOST)";
				DEVELOPMENT_TEAM = MUPQ82F322;
				INFOPLIST_FILE = tabbarTestTests/Info.plist;
				LD_RUNPATH_SEARCH_PATHS = "$(inherited) @executable_path/Frameworks @loader_path/Frameworks";
				PRODUCT_BUNDLE_IDENTIFIER = com.liumingxin.tabbarTestTests;
				PRODUCT_NAME = "$(TARGET_NAME)";
				SWIFT_VERSION = 3.0;
				TEST_HOST = "$(BUILT_PRODUCTS_DIR)/tabbarTest.app/tabbarTest";
			};
			name = Debug;
		};
		56C5394A1DB4A95600CB52F7 /* Release */ = {
			isa = XCBuildConfiguration;
			buildSettings = {
				ALWAYS_EMBED_SWIFT_STANDARD_LIBRARIES = YES;
				BUNDLE_LOADER = "$(TEST_HOST)";
				DEVELOPMENT_TEAM = MUPQ82F322;
				INFOPLIST_FILE = tabbarTestTests/Info.plist;
				LD_RUNPATH_SEARCH_PATHS = "$(inherited) @executable_path/Frameworks @loader_path/Frameworks";
				PRODUCT_BUNDLE_IDENTIFIER = com.liumingxin.tabbarTestTests;
				PRODUCT_NAME = "$(TARGET_NAME)";
				SWIFT_VERSION = 3.0;
				TEST_HOST = "$(BUILT_PRODUCTS_DIR)/tabbarTest.app/tabbarTest";
			};
			name = Release;
		};
		56C5394C1DB4A95600CB52F7 /* Debug */ = {
			isa = XCBuildConfiguration;
			buildSettings = {
				ALWAYS_EMBED_SWIFT_STANDARD_LIBRARIES = YES;
				DEVELOPMENT_TEAM = MUPQ82F322;
				INFOPLIST_FILE = tabbarTestUITests/Info.plist;
				LD_RUNPATH_SEARCH_PATHS = "$(inherited) @executable_path/Frameworks @loader_path/Frameworks";
				PRODUCT_BUNDLE_IDENTIFIER = com.liumingxin.tabbarTestUITests;
				PRODUCT_NAME = "$(TARGET_NAME)";
				SWIFT_VERSION = 3.0;
				TEST_TARGET_NAME = tabbarTest;
			};
			name = Debug;
		};
		56C5394D1DB4A95600CB52F7 /* Release */ = {
			isa = XCBuildConfiguration;
			buildSettings = {
				ALWAYS_EMBED_SWIFT_STANDARD_LIBRARIES = YES;
				DEVELOPMENT_TEAM = MUPQ82F322;
				INFOPLIST_FILE = tabbarTestUITests/Info.plist;
				LD_RUNPATH_SEARCH_PATHS = "$(inherited) @executable_path/Frameworks @loader_path/Frameworks";
				PRODUCT_BUNDLE_IDENTIFIER = com.liumingxin.tabbarTestUITests;
				PRODUCT_NAME = "$(TARGET_NAME)";
				SWIFT_VERSION = 3.0;
				TEST_TARGET_NAME = tabbarTest;
			};
			name = Release;
		};
/* End XCBuildConfiguration section */

/* Begin XCConfigurationList section */
		56C539181DB4A95600CB52F7 /* Build configuration list for PBXProject "tabbarTest" */ = {
			isa = XCConfigurationList;
			buildConfigurations = (
				56C539431DB4A95600CB52F7 /* Debug */,
				56C539441DB4A95600CB52F7 /* Release */,
			);
			defaultConfigurationIsVisible = 0;
			defaultConfigurationName = Release;
		};
		56C539451DB4A95600CB52F7 /* Build configuration list for PBXNativeTarget "tabbarTest" */ = {
			isa = XCConfigurationList;
			buildConfigurations = (
				56C539461DB4A95600CB52F7 /* Debug */,
				56C539471DB4A95600CB52F7 /* Release */,
			);
			defaultConfigurationIsVisible = 0;
			defaultConfigurationName = Release;
		};
		56C539481DB4A95600CB52F7 /* Build configuration list for PBXNativeTarget "tabbarTestTests" */ = {
			isa = XCConfigurationList;
			buildConfigurations = (
				56C539491DB4A95600CB52F7 /* Debug */,
				56C5394A1DB4A95600CB52F7 /* Release */,
			);
			defaultConfigurationIsVisible = 0;
			defaultConfigurationName = Release;
		};
		56C5394B1DB4A95600CB52F7 /* Build configuration list for PBXNativeTarget "tabbarTestUITests" */ = {
			isa = XCConfigurationList;
			buildConfigurations = (
				56C5394C1DB4A95600CB52F7 /* Debug */,
				56C5394D1DB4A95600CB52F7 /* Release */,
			);
			defaultConfigurationIsVisible = 0;
			defaultConfigurationName = Release;
		};
/* End XCConfigurationList section */
	};
	rootObject = 56C539151DB4A95600CB52F7 /* Project object */;
}
